
Microsoft Visual Studio Solution File, Format Version 12.00
# Visual Studio 15
VisualStudioVersion = 15.0.28307.106
MinimumVisualStudioVersion = 10.0.40219.1
Project("{FAE04EC0-301F-11D3-BF4B-00C04F79EFBC}") = "HelloWorld", "HelloWorld\HelloWorld.csproj", "{803DB01A-65BD-400C-B81E-BC830B2D2E72}"
EndProject
Global
	GlobalSection(SolutionConfigurationPlatforms) = preSolution
		Debug|Any CPU = Debug|Any CPU
		Release|Any CPU = Release|Any CPU
	EndGlobalSection
	GlobalSection(ProjectConfigurationPlatforms) = postSolution
		{803DB01A-65BD-400C-B81E-BC830B2D2E72}.Debug|Any CPU.ActiveCfg = Debug|Any CPU
		{803DB01A-65BD-400C-B81E-BC830B2D2E72}.Debug|Any CPU.Build.0 = Debug|Any CPU
		{803DB01A-65BD-400C-B81E-BC830B2D2E72}.Release|Any CPU.ActiveCfg = Release|Any CPU
		{803DB01A-65BD-400C-B81E-BC830B2D2E72}.Release|Any CPU.Build.0 = Release|Any CPU
	EndGlobalSection
	GlobalSection(SolutionProperties) = preSolution
		HideSolutionNode = FALSE
	EndGlobalSection
	GlobalSection(ExtensibilityGlobals) = postSolution
		SolutionGuid = {C7AB1AC4-E267-4740-BC8B-B7D17D94D466}
	EndGlobalSection
EndGlobal
