
Microsoft Visual Studio Solution File, Format Version 12.00
# Visual Studio 15
VisualStudioVersion = 15.0.28307.168
MinimumVisualStudioVersion = 10.0.40219.1
Project("{FAE04EC0-301F-11D3-BF4B-00C04F79EFBC}") = "ObjectLifetime", "ObjectLifetime\ObjectLifetime.csproj", "{632951E5-E4DE-402B-908B-AA54EEC7FF08}"
EndProject
Global
	GlobalSection(SolutionConfigurationPlatforms) = preSolution
		Debug|Any CPU = Debug|Any CPU
		Release|Any CPU = Release|Any CPU
	EndGlobalSection
	GlobalSection(ProjectConfigurationPlatforms) = postSolution
		{632951E5-E4DE-402B-908B-AA54EEC7FF08}.Debug|Any CPU.ActiveCfg = Debug|Any CPU
		{632951E5-E4DE-402B-908B-AA54EEC7FF08}.Debug|Any CPU.Build.0 = Debug|Any CPU
		{632951E5-E4DE-402B-908B-AA54EEC7FF08}.Release|Any CPU.ActiveCfg = Release|Any CPU
		{632951E5-E4DE-402B-908B-AA54EEC7FF08}.Release|Any CPU.Build.0 = Release|Any CPU
	EndGlobalSection
	GlobalSection(SolutionProperties) = preSolution
		HideSolutionNode = FALSE
	EndGlobalSection
	GlobalSection(ExtensibilityGlobals) = postSolution
		SolutionGuid = {5FA8413C-0CFF-48A9-B7F6-E99A7D1E5C1A}
	EndGlobalSection
EndGlobal
